<Project xmlns="http://schemas.microsoft.com/developer/msbuild/2003">
    <PropertyGroup>
        <ProjectGuid>{C22B697F-5B45-41CD-98E6-38B8973DCEAE}</ProjectGuid>
        <ProjectVersion>18.3</ProjectVersion>
        <FrameworkType>VCL</FrameworkType>
        <MainSource>Cajas_Aseval.dpr</MainSource>
        <Base>True</Base>
        <Config Condition="'$(Config)'==''">Debug</Config>
        <Platform Condition="'$(Platform)'==''">Win32</Platform>
        <TargetedPlatforms>1</TargetedPlatforms>
        <AppType>Application</AppType>
    </PropertyGroup>
    <PropertyGroup Condition="'$(Config)'=='Base' or '$(Base)'!=''">
        <Base>true</Base>
    </PropertyGroup>
    <PropertyGroup Condition="('$(Platform)'=='Win32' and '$(Base)'=='true') or '$(Base_Win32)'!=''">
        <Base_Win32>true</Base_Win32>
        <CfgParent>Base</CfgParent>
        <Base>true</Base>
    </PropertyGroup>
    <PropertyGroup Condition="('$(Platform)'=='Win64' and '$(Base)'=='true') or '$(Base_Win64)'!=''">
        <Base_Win64>true</Base_Win64>
        <CfgParent>Base</CfgParent>
        <Base>true</Base>
    </PropertyGroup>
    <PropertyGroup Condition="'$(Config)'=='Debug' or '$(Cfg_1)'!=''">
        <Cfg_1>true</Cfg_1>
        <CfgParent>Base</CfgParent>
        <Base>true</Base>
    </PropertyGroup>
    <PropertyGroup Condition="('$(Platform)'=='Win32' and '$(Cfg_1)'=='true') or '$(Cfg_1_Win32)'!=''">
        <Cfg_1_Win32>true</Cfg_1_Win32>
        <CfgParent>Cfg_1</CfgParent>
        <Cfg_1>true</Cfg_1>
        <Base>true</Base>
    </PropertyGroup>
    <PropertyGroup Condition="'$(Config)'=='Release' or '$(Cfg_2)'!=''">
        <Cfg_2>true</Cfg_2>
        <CfgParent>Base</CfgParent>
        <Base>true</Base>
    </PropertyGroup>
    <PropertyGroup Condition="'$(Base)'!=''">
        <DCC_UnitSearchPath>..\$(Platform)\$(Config);$(DCC_UnitSearchPath)</DCC_UnitSearchPath>
        <DCC_Namespace>System;Xml;Data;Datasnap;Web;Soap;Vcl;Vcl.Imaging;Vcl.Touch;Vcl.Samples;Vcl.Shell;$(DCC_Namespace)</DCC_Namespace>
        <Icon_MainIcon>$(BDS)\bin\delphi_PROJECTICON.ico</Icon_MainIcon>
        <DCC_UsePackage>DBXInterBaseDriver;DataSnapServer;DataSnapCommon;DbxCommonDriver;dbxcds;CustomIPTransport;dsnap;IndyCore;IPIndyImpl;bindcompfmx;dbrtl;bindcomp;inetdb;xmlrtl;ibxpress;bindengine;soaprtl;kbmMemRunDXE2Pro;DBXInformixDriver;DBXFirebirdDriver;inet;DBXSybaseASADriver;dbexpress;fmx;IndySystem;DataSnapClient;DataSnapProviderClient;DBXOracleDriver;fmxase;inetdbxpress;rtl;DbxClientDriver;ibdac160;IndyProtocols;DBXMySQLDriver;fmxobj;fmxdae;DataSnapIndy10ServerTransport;$(DCC_UsePackage)</DCC_UsePackage>
        <DCC_DcuOutput>.\$(Platform)\$(Config)</DCC_DcuOutput>
        <DCC_ExeOutput>.\$(Platform)\$(Config)</DCC_ExeOutput>
        <SanitizedProjectName>Cajas_Aseval</SanitizedProjectName>
    </PropertyGroup>
    <PropertyGroup Condition="'$(Base_Win32)'!=''">
        <DCC_UsePackage>dxTileControlRS16;JvGlobus;fsADO16;JvMM;cxLibraryRS16;JvManagedThreads;GMLibEdit_DXE2;PGPTLSBBoxD16;dxSkinSevenRS16;JvCrypt;GMLib_DXE2_FMX;dxPsPrVwAdvRS16;dxSkinSummer2008RS16;dxPSCoreRS16;TeePro916;FmxTeeUI916;cxPivotGridOLAPRS16;acntDelphiXE2_R;HDDInfopkg;cxPageControlRS16;dxPScxGridLnkRS16;dxPScxTLLnkRS16;NxSheetRun_xe2;JvDotNetCtrls;dxSkinVS2010RS16;vclimg;QR5RunDXE2;EDIBBoxD16;fmi;dxSkinDevExpressStyleRS16;dxComnRS16;dxSkinWhiteprintRS16;DataSet_Runtime;JvNet;JvXPCtrls;vcldb;dxSkinBlackRS16;dxADOServerModeRS16;frxBDE16;HsBarcode1DRun;fsIBX16;dxBarExtDBItemsRS16;ZIPBBoxD16;vclFlexCompressd16;dxSkinXmas2008BlueRS16;GMLib_DXE2_VCL;dxSkinOffice2007BlueRS16;FMXTeePro916;AlphaDBDelphiXE2;CloudService;HTTPBBoxSrvD16;dxSkinOffice2007GreenRS16;cxDataRS16;cxBarEditItemRS16;dxDockingRS16;cxPageControldxBarPopupMenuRS16;dxPSDBTeeChartRS16;JvDB;FMXTee916;JvRuntimeDesign;TVidGrab;SSLBBoxCliD16;dxBarExtItemsRS16;dxPSLnksRS16;JclDeveloperTools;ibdacvcl160;PGPMIMEBBoxD16;dxPSTeeChartRS16;dxPSdxLCLnkRS16;LDAPBBoxD16;cxVerticalGridRS16;dxSkinSharpRS16;dxSkinOffice2007BlackRS16;dxorgcRS16;BarcodeStudioEditors;dxSkinBlueprintRS16;dxPScxExtCommonRS16;vcldbx;dxNavBarRS16;OverbyteIcsDXe2Run;TeeWorld916;JvPluginSystem;DBXOdbcDriver;PKIBBoxD16;dxdbtrRS16;JvCmp;dxSkinFoggyRS16;JvTimeFramework;dxPScxSSLnkRS16;NxDBGridDsgn_xe2;fsBDE16;dxSkinDarkSideRS16;frxDB16;FTPSBBoxSrvD16;SFTPBBoxCliD16;TeeGL916;dxSkinscxPCPainterRS16;NxCommonRun_xe2;vclactnband;DAVBBoxSrvD16;PGPBBoxD16;dxServerModeRS16;bindcompvcl;dxPScxSchedulerLnkRS16;dxPSdxDBTVLnkRS16;NxCollectionRun_xe2;vclie;Jcl;FMITeePro916;fs16;FIBPlus_XE2;frxcs16;dacvcl160;MIMEBBoxD16;SMIMEBBoxD16;TeeTree2D16Tee9;TMSIDERichClipPkgDXE2;PGPSSHBBoxD16;dxSkinSilverRS16;BaseBBoxD16;dclfrxTee16;dsnapcon;Marketing;dcldxSkinsCoreRS16;JvPascalInterpreter;dxSkinLilianRS16;vclx;dxSkinValentineRS16;FIBDBMidas_XE2;dxFlowChartRS16;NxCollectionDsgn_xe2;frxIBX16;DataSet_Design;dxGDIPlusRS16;EurekaLogCore;dxSkinSharpPlusRS16;JvBDE;dxdborRS16;dxPScxVGridLnkRS16;NxGridRun_xe2;dxLayoutControlRS16;dxPScxPivotGridLnkRS16;dxCoreRS16;cxExportRS16;dxBarRS16;dxSkinsdxNavBarPainterRS16;Tee916;TeeUI916;cxTreeListdxBarPopupMenuRS16;dxDBXServerModeRS16;cxSpreadSheetRS16;dxSkinCoffeeRS16;JvDlgs;frxTee16;vclib;inetdbbde;CloudBBoxD16;OfficeBBoxD16;FMITeeLanguage916;dclFlexCompressd16;dxRibbonRS16;DBXSybaseASEDriver;Mediador_Runtime;NxCommonDsgn_xe2;BarcodeStudio;cxTreeListRS16;PKISSHBBoxD16;FTPSBBoxCliD16;dxSkinOffice2007SilverRS16;dxSkinsdxRibbonPainterRS16;vcldsnap;dac160;FMXTeeDB916;dxSkinBlueRS16;DBXDb2Driver;S404br;JvCore;frxADO16;vclribbon;HTTPBBoxCliD16;dxSkinDarkRoomRS16;frxe16;dxSkinscxSchedulerPainterRS16;vcl;dxSkinDevExpressDarkStyleRS16;DBXMSSQLDriver;gtDocEngD16;DAVBBoxCliD16;fsTee16;JvAppFrm;cxSchedulerGridRS16;webdsnap;TeeDB916;dxtrmdRS16;dxSkinsdxDLPainterRS16;dxSkinTheAsphaltWorldRS16;Custom;dxSkinOffice2010BlackRS16;dxSkinMoneyTwinsRS16;NxDBGridRun_xe2;BarcodeFastReport;XMLBBoxD16;adortl;SSHBBoxCliD16;dxSkinPumpkinRS16;JvDocking;JvWizards;TeeLanguage916;SSHBBoxSrvD16;dxSkinHighContrastRS16;JvHMI;frxDBX16;TeeImage916;XMLBBoxSecD16;dxSkiniMaginaryRS16;JvBands;S404_r;frx16;dxPSdxDBOCLnkRS16;dxSkinLondonLiquidSkyRS16;dxSkinsdxBarPainterRS16;FMITee916;DsgnBBoxD16;JclContainers;dxSkinGlassOceansRS16;dxSkinLiquidSkyRS16;dxSkinsCoreRS16;JvSystem;svnui;PDFBBoxD16;cxPivotGridChartRS16;dxPScxCommonRS16;dxmdsRS16;FMITeeDB916;dxSpellCheckerRS16;cxGridRS16;dxPSPrVwRibbonRS16;JvControls;cxEditorsRS16;cxPivotGridRS16;NxGridDsgn_xe2;JvJans;JvPrintPreview;JvPageComps;dxSkinSevenClassicRS16;JvStdCtrls;JvCustom;MailBBoxD16;SSLBBoxSrvD16;General;cxSchedulerRS16;NxInspectorDsgn_xe2;dxSkinOffice2010SilverRS16;vcltouch;websnap;dxSkinOffice2007PinkRS16;SFTPBBoxSrvD16;VclSmp;dxSkinSpringTimeRS16;dxTabbedMDIRS16;fsDB16;DataSnapConnectors;dxSkinStardustRS16;PGPLDAPBBoxD16;NxInspectorRun_xe2;dxPSdxOCLnkRS16;Campanyas;dxSkinOffice2010BlueRS16;PKIPDFBBoxD16;GMLib_DXE2;dxPSdxFCLnkRS16;dxThemeRS16;Core;dxPScxPCProdRS16;JclVcl;FmiTeeUI916;svn;FMXTeeLanguage916;dxSkinCaramelRS16;XLSRWII4_DXE2;GuimotionsPkgD2011;bdertl;dxSkinMcSkinRS16;Buscapro_Runtime;dxBarDBNavRS16;$(DCC_UsePackage)</DCC_UsePackage>
        <VerInfo_IncludeVerInfo>true</VerInfo_IncludeVerInfo>
        <DCC_Namespace>Winapi;System.Win;Data.Win;Datasnap.Win;Web.Win;Soap.Win;Xml.Win;Bde;$(DCC_Namespace)</DCC_Namespace>
        <VerInfo_Locale>1033</VerInfo_Locale>
        <Manifest_File>$(BDS)\bin\default_app.manifest</Manifest_File>
        <VerInfo_Keys>CompanyName=;FileVersion=1.0.0.0;InternalName=;LegalCopyright=;LegalTrademarks=;OriginalFilename=;ProductVersion=1.0.0.0;Comments=;ProgramID=com.embarcadero.$(MSBuildProjectName);FileDescription=$(MSBuildProjectName);ProductName=$(MSBuildProjectName)</VerInfo_Keys>
        <AppEnableRuntimeThemes>true</AppEnableRuntimeThemes>
        <UWP_DelphiLogo44>$(BDS)\bin\Artwork\Windows\UWP\delphi_UwpDefault_44.png</UWP_DelphiLogo44>
        <UWP_DelphiLogo150>$(BDS)\bin\Artwork\Windows\UWP\delphi_UwpDefault_150.png</UWP_DelphiLogo150>
    </PropertyGroup>
    <PropertyGroup Condition="'$(Base_Win64)'!=''">
        <DCC_UsePackage>dxTileControlRS16;cxLibraryRS16;dxSkinSevenRS16;GMLib_DXE2_FMX;dxPsPrVwAdvRS16;dxSkinSummer2008RS16;dxPSCoreRS16;cxPivotGridOLAPRS16;cxPageControlRS16;dxPScxGridLnkRS16;dxPScxTLLnkRS16;NxSheetRun_xe2;dxSkinVS2010RS16;vclimg;dxSkinDevExpressStyleRS16;dxComnRS16;dxSkinWhiteprintRS16;vcldb;dxSkinBlackRS16;dxADOServerModeRS16;HsBarcode1DRun;dxBarExtDBItemsRS16;dxSkinXmas2008BlueRS16;GMLib_DXE2_VCL;dxSkinOffice2007BlueRS16;dxSkinOffice2007GreenRS16;cxDataRS16;cxBarEditItemRS16;dxDockingRS16;cxPageControldxBarPopupMenuRS16;dxPSDBTeeChartRS16;dxBarExtItemsRS16;dxPSLnksRS16;dxPSTeeChartRS16;dxPSdxLCLnkRS16;cxVerticalGridRS16;dxSkinSharpRS16;dxSkinOffice2007BlackRS16;dxorgcRS16;dxSkinBlueprintRS16;dxPScxExtCommonRS16;dxNavBarRS16;DBXOdbcDriver;dxdbtrRS16;dxSkinFoggyRS16;dxPScxSSLnkRS16;NxDBGridDsgn_xe2;dxSkinDarkSideRS16;dxSkinscxPCPainterRS16;NxCommonRun_xe2;vclactnband;dxServerModeRS16;bindcompvcl;dxPScxSchedulerLnkRS16;dxPSdxDBTVLnkRS16;NxCollectionRun_xe2;vclie;FIBPlus_XE2;dxSkinSilverRS16;dsnapcon;dcldxSkinsCoreRS16;dxSkinLilianRS16;vclx;dxSkinValentineRS16;dxFlowChartRS16;NxCollectionDsgn_xe2;dxGDIPlusRS16;dxSkinSharpPlusRS16;dxdborRS16;dxPScxVGridLnkRS16;NxGridRun_xe2;dxLayoutControlRS16;dxPScxPivotGridLnkRS16;dxCoreRS16;cxExportRS16;dxBarRS16;dxSkinsdxNavBarPainterRS16;cxTreeListdxBarPopupMenuRS16;dxDBXServerModeRS16;cxSpreadSheetRS16;dxSkinCoffeeRS16;vclib;dxRibbonRS16;DBXSybaseASEDriver;NxCommonDsgn_xe2;cxTreeListRS16;dxSkinOffice2007SilverRS16;dxSkinsdxRibbonPainterRS16;vcldsnap;dxSkinBlueRS16;DBXDb2Driver;dxSkinDarkRoomRS16;dxSkinscxSchedulerPainterRS16;vcl;dxSkinDevExpressDarkStyleRS16;DBXMSSQLDriver;cxSchedulerGridRS16;webdsnap;dxtrmdRS16;dxSkinsdxDLPainterRS16;dxSkinTheAsphaltWorldRS16;dxSkinOffice2010BlackRS16;dxSkinMoneyTwinsRS16;NxDBGridRun_xe2;adortl;dxSkinPumpkinRS16;dxSkinHighContrastRS16;dxSkiniMaginaryRS16;dxPSdxDBOCLnkRS16;dxSkinLondonLiquidSkyRS16;dxSkinsdxBarPainterRS16;dxSkinGlassOceansRS16;dxSkinLiquidSkyRS16;dxSkinsCoreRS16;cxPivotGridChartRS16;dxPScxCommonRS16;dxmdsRS16;dxSpellCheckerRS16;cxGridRS16;dxPSPrVwRibbonRS16;cxEditorsRS16;cxPivotGridRS16;NxGridDsgn_xe2;dxSkinSevenClassicRS16;cxSchedulerRS16;NxInspectorDsgn_xe2;dxSkinOffice2010SilverRS16;vcltouch;websnap;dxSkinOffice2007PinkRS16;VclSmp;dxSkinSpringTimeRS16;dxTabbedMDIRS16;DataSnapConnectors;dxSkinStardustRS16;NxInspectorRun_xe2;dxPSdxOCLnkRS16;dxSkinOffice2010BlueRS16;GMLib_DXE2;dxPSdxFCLnkRS16;dxThemeRS16;dxPScxPCProdRS16;dxSkinCaramelRS16;dxSkinMcSkinRS16;dxBarDBNavRS16;$(DCC_UsePackage)</DCC_UsePackage>
        <UWP_DelphiLogo44>$(BDS)\bin\Artwork\Windows\UWP\delphi_UwpDefault_44.png</UWP_DelphiLogo44>
        <UWP_DelphiLogo150>$(BDS)\bin\Artwork\Windows\UWP\delphi_UwpDefault_150.png</UWP_DelphiLogo150>
    </PropertyGroup>
    <PropertyGroup Condition="'$(Cfg_1)'!=''">
        <DCC_Define>DEBUG;$(DCC_Define)</DCC_Define>
        <DCC_Optimize>false</DCC_Optimize>
        <DCC_GenerateStackFrames>true</DCC_GenerateStackFrames>
        <DCC_DebugInfoInExe>true</DCC_DebugInfoInExe>
        <DCC_RemoteDebug>true</DCC_RemoteDebug>
    </PropertyGroup>
    <PropertyGroup Condition="'$(Cfg_1_Win32)'!=''">
        <Icon_MainIcon>Cajas_Aseval_Icon.ico</Icon_MainIcon>
        <VerInfo_IncludeVerInfo>true</VerInfo_IncludeVerInfo>
        <VerInfo_Locale>1033</VerInfo_Locale>
        <DCC_RemoteDebug>false</DCC_RemoteDebug>
        <BT_BuildType>Debug</BT_BuildType>
    </PropertyGroup>
    <PropertyGroup Condition="'$(Cfg_2)'!=''">
        <DCC_LocalDebugSymbols>false</DCC_LocalDebugSymbols>
        <DCC_Define>RELEASE;$(DCC_Define)</DCC_Define>
        <DCC_SymbolReferenceInfo>0</DCC_SymbolReferenceInfo>
        <DCC_DebugInformation>0</DCC_DebugInformation>
    </PropertyGroup>
    <ItemGroup>
        <DelphiCompile Include="$(MainSource)">
            <MainSource>MainSource</MainSource>
        </DelphiCompile>
        <DCCReference Include="Umain.pas">
            <Form>Form3</Form>
            <FormType>dfm</FormType>
        </DCCReference>
        <DCCReference Include="dm.pas">
            <Form>dm1</Form>
            <FormType>dfm</FormType>
            <DesignClass>TDataModule</DesignClass>
        </DCCReference>
        <DCCReference Include="Unit1.pas">
            <Form>Form1</Form>
            <FormType>dfm</FormType>
        </DCCReference>
        <DCCReference Include="Unit2.pas">
            <Form>Form2</Form>
            <FormType>dfm</FormType>
        </DCCReference>
        <DCCReference Include="Unit4.pas">
            <Form>Form4</Form>
            <FormType>dfm</FormType>
        </DCCReference>
        <DCCReference Include="Unit5.pas">
            <Form>Form5</Form>
            <FormType>dfm</FormType>
        </DCCReference>
        <DCCReference Include="Unit6.pas">
            <Form>Form6</Form>
            <FormType>dfm</FormType>
        </DCCReference>
        <BuildConfiguration Include="Release">
            <Key>Cfg_2</Key>
            <CfgParent>Base</CfgParent>
        </BuildConfiguration>
        <BuildConfiguration Include="Base">
            <Key>Base</Key>
        </BuildConfiguration>
        <BuildConfiguration Include="Debug">
            <Key>Cfg_1</Key>
            <CfgParent>Base</CfgParent>
        </BuildConfiguration>
    </ItemGroup>
    <ProjectExtensions>
        <Borland.Personality>Delphi.Personality.12</Borland.Personality>
        <Borland.ProjectType/>
        <BorlandProject>
            <Delphi.Personality>
                <VersionInfo>
                    <VersionInfo Name="IncludeVerInfo">False</VersionInfo>
                    <VersionInfo Name="AutoIncBuild">False</VersionInfo>
                    <VersionInfo Name="MajorVer">1</VersionInfo>
                    <VersionInfo Name="MinorVer">0</VersionInfo>
                    <VersionInfo Name="Release">0</VersionInfo>
                    <VersionInfo Name="Build">0</VersionInfo>
                    <VersionInfo Name="Debug">False</VersionInfo>
                    <VersionInfo Name="PreRelease">False</VersionInfo>
                    <VersionInfo Name="Special">False</VersionInfo>
                    <VersionInfo Name="Private">False</VersionInfo>
                    <VersionInfo Name="DLL">False</VersionInfo>
                    <VersionInfo Name="Locale">3082</VersionInfo>
                    <VersionInfo Name="CodePage">1252</VersionInfo>
                </VersionInfo>
                <VersionInfoKeys>
                    <VersionInfoKeys Name="CompanyName"/>
                    <VersionInfoKeys Name="FileDescription"/>
                    <VersionInfoKeys Name="FileVersion">1.0.0.0</VersionInfoKeys>
                    <VersionInfoKeys Name="InternalName"/>
                    <VersionInfoKeys Name="LegalCopyright"/>
                    <VersionInfoKeys Name="LegalTrademarks"/>
                    <VersionInfoKeys Name="OriginalFilename"/>
                    <VersionInfoKeys Name="ProductName"/>
                    <VersionInfoKeys Name="ProductVersion">1.0.0.0</VersionInfoKeys>
                    <VersionInfoKeys Name="Comments"/>
                </VersionInfoKeys>
                <Excluded_Packages/>
                <Source>
                    <Source Name="MainSource">Cajas_Aseval.dpr</Source>
                </Source>
            </Delphi.Personality>
            <Deployment Version="3"/>
            <Platforms>
                <Platform value="Win32">True</Platform>
                <Platform value="Win64">False</Platform>
            </Platforms>
        </BorlandProject>
        <ProjectFileVersion>12</ProjectFileVersion>
    </ProjectExtensions>
    <Import Condition="Exists('$(BDS)\Bin\CodeGear.Delphi.Targets')" Project="$(BDS)\Bin\CodeGear.Delphi.Targets"/>
    <Import Condition="Exists('$(APPDATA)\Embarcadero\$(BDSAPPDATABASEDIR)\$(PRODUCTVERSION)\UserTools.proj')" Project="$(APPDATA)\Embarcadero\$(BDSAPPDATABASEDIR)\$(PRODUCTVERSION)\UserTools.proj"/>
    <Import Project="$(MSBuildProjectName).deployproj" Condition="Exists('$(MSBuildProjectName).deployproj')"/>
</Project>

<!-- EurekaLog First Line
[Exception Log]
EurekaLog Version=7007
Activate=0
DeleteMapAfterCompile=1
Encrypt Password=""
EurekaLog Last Line -->
